
Microsoft Visual Studio Solution File, Format Version 12.00
# Visual Studio Version 17
VisualStudioVersion = 17.9.34728.123
MinimumVisualStudioVersion = 10.0.40219.1
Project("{FAE04EC0-301F-11D3-BF4B-00C04F79EFBC}") = "ZadacaCS", "ZadacaCS\ZadacaCS.csproj", "{9BE6778E-904A-4D6C-9AC7-4A48BA5442A1}"
EndProject
Global
	GlobalSection(SolutionConfigurationPlatforms) = preSolution
		Debug|Any CPU = Debug|Any CPU
		Release|Any CPU = Release|Any CPU
	EndGlobalSection
	GlobalSection(ProjectConfigurationPlatforms) = postSolution
		{9BE6778E-904A-4D6C-9AC7-4A48BA5442A1}.Debug|Any CPU.ActiveCfg = Debug|Any CPU
		{9BE6778E-904A-4D6C-9AC7-4A48BA5442A1}.Debug|Any CPU.Build.0 = Debug|Any CPU
		{9BE6778E-904A-4D6C-9AC7-4A48BA5442A1}.Release|Any CPU.ActiveCfg = Release|Any CPU
		{9BE6778E-904A-4D6C-9AC7-4A48BA5442A1}.Release|Any CPU.Build.0 = Release|Any CPU
	EndGlobalSection
	GlobalSection(SolutionProperties) = preSolution
		HideSolutionNode = FALSE
	EndGlobalSection
	GlobalSection(ExtensibilityGlobals) = postSolution
		SolutionGuid = {B1FA2089-2BBF-4689-818D-E84B1F9D66C1}
	EndGlobalSection
EndGlobal
